
Microsoft Visual Studio Solution File, Format Version 12.00
# Visual Studio 2013
VisualStudioVersion = 12.0.30723.0
MinimumVisualStudioVersion = 10.0.40219.1
Project("{8BC9CEB8-8B4A-11D0-8D11-00A0C91BC942}") = "find_if", "find_if\find_if.vcxproj", "{146A0353-56A2-44AF-8E12-D28159B9E18B}"
EndProject
Project("{8BC9CEB8-8B4A-11D0-8D11-00A0C91BC942}") = "find_if(boost)", "find_if(boost)\find_if(boost).vcxproj", "{1B08C127-032A-40AD-B694-33F5C2EB46EA}"
EndProject
Project("{8BC9CEB8-8B4A-11D0-8D11-00A0C91BC942}") = "any_of", "any_of\any_of.vcxproj", "{579A9DC4-B120-4EEF-9520-9EB64B498985}"
EndProject
Project("{8BC9CEB8-8B4A-11D0-8D11-00A0C91BC942}") = "any_of(boost)", "any_of(boost)\any_of(boost).vcxproj", "{D0B15A28-38F8-4AFD-89E4-E0D7E8D0C582}"
EndProject
Project("{8BC9CEB8-8B4A-11D0-8D11-00A0C91BC942}") = "all_of", "all_of\all_of.vcxproj", "{BC8698DA-67BE-419E-B323-E25219673E8D}"
EndProject
Project("{8BC9CEB8-8B4A-11D0-8D11-00A0C91BC942}") = "all_of(boost)", "all_of(boost)\all_of(boost).vcxproj", "{8589413E-03F8-411B-B907-978EF86AD81A}"
EndProject
Project("{8BC9CEB8-8B4A-11D0-8D11-00A0C91BC942}") = "find", "find\find.vcxproj", "{0644440B-EA8A-4338-9178-E7EF66F40D65}"
EndProject
Project("{8BC9CEB8-8B4A-11D0-8D11-00A0C91BC942}") = "find(boost)", "find(boost)\find(boost).vcxproj", "{6097997C-4DCE-4FB8-B131-A5342F70D9BD}"
EndProject
Project("{8BC9CEB8-8B4A-11D0-8D11-00A0C91BC942}") = "searching(boost)", "searching(boost)\searching(boost).vcxproj", "{C05EF837-AD19-476F-9137-3E5CF4E68430}"
EndProject
Global
	GlobalSection(SolutionConfigurationPlatforms) = preSolution
		Debug|Win32 = Debug|Win32
		Release|Win32 = Release|Win32
	EndGlobalSection
	GlobalSection(ProjectConfigurationPlatforms) = postSolution
		{146A0353-56A2-44AF-8E12-D28159B9E18B}.Debug|Win32.ActiveCfg = Debug|Win32
		{146A0353-56A2-44AF-8E12-D28159B9E18B}.Debug|Win32.Build.0 = Debug|Win32
		{146A0353-56A2-44AF-8E12-D28159B9E18B}.Release|Win32.ActiveCfg = Release|Win32
		{146A0353-56A2-44AF-8E12-D28159B9E18B}.Release|Win32.Build.0 = Release|Win32
		{1B08C127-032A-40AD-B694-33F5C2EB46EA}.Debug|Win32.ActiveCfg = Debug|Win32
		{1B08C127-032A-40AD-B694-33F5C2EB46EA}.Debug|Win32.Build.0 = Debug|Win32
		{1B08C127-032A-40AD-B694-33F5C2EB46EA}.Release|Win32.ActiveCfg = Release|Win32
		{1B08C127-032A-40AD-B694-33F5C2EB46EA}.Release|Win32.Build.0 = Release|Win32
		{579A9DC4-B120-4EEF-9520-9EB64B498985}.Debug|Win32.ActiveCfg = Debug|Win32
		{579A9DC4-B120-4EEF-9520-9EB64B498985}.Debug|Win32.Build.0 = Debug|Win32
		{579A9DC4-B120-4EEF-9520-9EB64B498985}.Release|Win32.ActiveCfg = Release|Win32
		{579A9DC4-B120-4EEF-9520-9EB64B498985}.Release|Win32.Build.0 = Release|Win32
		{D0B15A28-38F8-4AFD-89E4-E0D7E8D0C582}.Debug|Win32.ActiveCfg = Debug|Win32
		{D0B15A28-38F8-4AFD-89E4-E0D7E8D0C582}.Debug|Win32.Build.0 = Debug|Win32
		{D0B15A28-38F8-4AFD-89E4-E0D7E8D0C582}.Release|Win32.ActiveCfg = Release|Win32
		{D0B15A28-38F8-4AFD-89E4-E0D7E8D0C582}.Release|Win32.Build.0 = Release|Win32
		{BC8698DA-67BE-419E-B323-E25219673E8D}.Debug|Win32.ActiveCfg = Debug|Win32
		{BC8698DA-67BE-419E-B323-E25219673E8D}.Debug|Win32.Build.0 = Debug|Win32
		{BC8698DA-67BE-419E-B323-E25219673E8D}.Release|Win32.ActiveCfg = Release|Win32
		{BC8698DA-67BE-419E-B323-E25219673E8D}.Release|Win32.Build.0 = Release|Win32
		{8589413E-03F8-411B-B907-978EF86AD81A}.Debug|Win32.ActiveCfg = Debug|Win32
		{8589413E-03F8-411B-B907-978EF86AD81A}.Debug|Win32.Build.0 = Debug|Win32
		{8589413E-03F8-411B-B907-978EF86AD81A}.Release|Win32.ActiveCfg = Release|Win32
		{8589413E-03F8-411B-B907-978EF86AD81A}.Release|Win32.Build.0 = Release|Win32
		{0644440B-EA8A-4338-9178-E7EF66F40D65}.Debug|Win32.ActiveCfg = Debug|Win32
		{0644440B-EA8A-4338-9178-E7EF66F40D65}.Debug|Win32.Build.0 = Debug|Win32
		{0644440B-EA8A-4338-9178-E7EF66F40D65}.Release|Win32.ActiveCfg = Release|Win32
		{0644440B-EA8A-4338-9178-E7EF66F40D65}.Release|Win32.Build.0 = Release|Win32
		{6097997C-4DCE-4FB8-B131-A5342F70D9BD}.Debug|Win32.ActiveCfg = Debug|Win32
		{6097997C-4DCE-4FB8-B131-A5342F70D9BD}.Debug|Win32.Build.0 = Debug|Win32
		{6097997C-4DCE-4FB8-B131-A5342F70D9BD}.Release|Win32.ActiveCfg = Release|Win32
		{6097997C-4DCE-4FB8-B131-A5342F70D9BD}.Release|Win32.Build.0 = Release|Win32
		{C05EF837-AD19-476F-9137-3E5CF4E68430}.Debug|Win32.ActiveCfg = Debug|Win32
		{C05EF837-AD19-476F-9137-3E5CF4E68430}.Debug|Win32.Build.0 = Debug|Win32
		{C05EF837-AD19-476F-9137-3E5CF4E68430}.Release|Win32.ActiveCfg = Release|Win32
		{C05EF837-AD19-476F-9137-3E5CF4E68430}.Release|Win32.Build.0 = Release|Win32
	EndGlobalSection
	GlobalSection(SolutionProperties) = preSolution
		HideSolutionNode = FALSE
	EndGlobalSection
EndGlobal
